
Microsoft Visual Studio Solution File, Format Version 12.00
# Visual Studio Version 17
VisualStudioVersion = 17.3.32929.385
MinimumVisualStudioVersion = 10.0.40219.1
Project("{FAE04EC0-301F-11D3-BF4B-00C04F79EFBC}") = "sospect.Android", "sospect.Android\sospect.Android.csproj", "{CAE9EA5A-AD54-4539-B032-1736E3003655}"
EndProject
Project("{FAE04EC0-301F-11D3-BF4B-00C04F79EFBC}") = "sospect.iOS", "sospect.iOS\sospect.iOS.csproj", "{C3C1C04B-8A35-45C7-999E-6EBEA7F3BF4D}"
EndProject
Project("{9A19103F-16F7-4668-BE54-9A1E7A4F7556}") = "sospect", "sospect\sospect.csproj", "{858F2B59-A97E-40D5-92E9-6B1485A9BE67}"
EndProject
Global
	GlobalSection(SolutionConfigurationPlatforms) = preSolution
		Debug|Any CPU = Debug|Any CPU
		Debug|iPhone = Debug|iPhone
		Debug|iPhoneSimulator = Debug|iPhoneSimulator
		Release|Any CPU = Release|Any CPU
		Release|iPhone = Release|iPhone
		Release|iPhoneSimulator = Release|iPhoneSimulator
	EndGlobalSection
	GlobalSection(ProjectConfigurationPlatforms) = postSolution
		{CAE9EA5A-AD54-4539-B032-1736E3003655}.Debug|Any CPU.ActiveCfg = Debug|Any CPU
		{CAE9EA5A-AD54-4539-B032-1736E3003655}.Debug|Any CPU.Build.0 = Debug|Any CPU
		{CAE9EA5A-AD54-4539-B032-1736E3003655}.Debug|Any CPU.Deploy.0 = Debug|Any CPU
		{CAE9EA5A-AD54-4539-B032-1736E3003655}.Debug|iPhone.ActiveCfg = Debug|Any CPU
		{CAE9EA5A-AD54-4539-B032-1736E3003655}.Debug|iPhone.Build.0 = Debug|Any CPU
		{CAE9EA5A-AD54-4539-B032-1736E3003655}.Debug|iPhoneSimulator.ActiveCfg = Debug|Any CPU
		{CAE9EA5A-AD54-4539-B032-1736E3003655}.Debug|iPhoneSimulator.Build.0 = Debug|Any CPU
		{CAE9EA5A-AD54-4539-B032-1736E3003655}.Release|Any CPU.ActiveCfg = Release|Any CPU
		{CAE9EA5A-AD54-4539-B032-1736E3003655}.Release|Any CPU.Build.0 = Release|Any CPU
		{CAE9EA5A-AD54-4539-B032-1736E3003655}.Release|iPhone.ActiveCfg = Release|Any CPU
		{CAE9EA5A-AD54-4539-B032-1736E3003655}.Release|iPhone.Build.0 = Release|Any CPU
		{CAE9EA5A-AD54-4539-B032-1736E3003655}.Release|iPhoneSimulator.ActiveCfg = Release|Any CPU
		{CAE9EA5A-AD54-4539-B032-1736E3003655}.Release|iPhoneSimulator.Build.0 = Release|Any CPU
		{C3C1C04B-8A35-45C7-999E-6EBEA7F3BF4D}.Debug|Any CPU.ActiveCfg = Debug|iPhoneSimulator
		{C3C1C04B-8A35-45C7-999E-6EBEA7F3BF4D}.Debug|Any CPU.Build.0 = Debug|iPhoneSimulator
		{C3C1C04B-8A35-45C7-999E-6EBEA7F3BF4D}.Debug|iPhone.ActiveCfg = Debug|iPhone
		{C3C1C04B-8A35-45C7-999E-6EBEA7F3BF4D}.Debug|iPhone.Build.0 = Debug|iPhone
		{C3C1C04B-8A35-45C7-999E-6EBEA7F3BF4D}.Debug|iPhoneSimulator.ActiveCfg = Debug|iPhoneSimulator
		{C3C1C04B-8A35-45C7-999E-6EBEA7F3BF4D}.Debug|iPhoneSimulator.Build.0 = Debug|iPhoneSimulator
		{C3C1C04B-8A35-45C7-999E-6EBEA7F3BF4D}.Release|Any CPU.ActiveCfg = Release|iPhoneSimulator
		{C3C1C04B-8A35-45C7-999E-6EBEA7F3BF4D}.Release|Any CPU.Build.0 = Release|iPhoneSimulator
		{C3C1C04B-8A35-45C7-999E-6EBEA7F3BF4D}.Release|iPhone.ActiveCfg = Release|iPhone
		{C3C1C04B-8A35-45C7-999E-6EBEA7F3BF4D}.Release|iPhone.Build.0 = Release|iPhone
		{C3C1C04B-8A35-45C7-999E-6EBEA7F3BF4D}.Release|iPhoneSimulator.ActiveCfg = Release|iPhoneSimulator
		{C3C1C04B-8A35-45C7-999E-6EBEA7F3BF4D}.Release|iPhoneSimulator.Build.0 = Release|iPhoneSimulator
		{858F2B59-A97E-40D5-92E9-6B1485A9BE67}.Debug|Any CPU.ActiveCfg = Debug|Any CPU
		{858F2B59-A97E-40D5-92E9-6B1485A9BE67}.Debug|Any CPU.Build.0 = Debug|Any CPU
		{858F2B59-A97E-40D5-92E9-6B1485A9BE67}.Debug|iPhone.ActiveCfg = Debug|Any CPU
		{858F2B59-A97E-40D5-92E9-6B1485A9BE67}.Debug|iPhone.Build.0 = Debug|Any CPU
		{858F2B59-A97E-40D5-92E9-6B1485A9BE67}.Debug|iPhoneSimulator.ActiveCfg = Debug|Any CPU
		{858F2B59-A97E-40D5-92E9-6B1485A9BE67}.Debug|iPhoneSimulator.Build.0 = Debug|Any CPU
		{858F2B59-A97E-40D5-92E9-6B1485A9BE67}.Release|Any CPU.ActiveCfg = Release|Any CPU
		{858F2B59-A97E-40D5-92E9-6B1485A9BE67}.Release|Any CPU.Build.0 = Release|Any CPU
		{858F2B59-A97E-40D5-92E9-6B1485A9BE67}.Release|iPhone.ActiveCfg = Release|Any CPU
		{858F2B59-A97E-40D5-92E9-6B1485A9BE67}.Release|iPhone.Build.0 = Release|Any CPU
		{858F2B59-A97E-40D5-92E9-6B1485A9BE67}.Release|iPhoneSimulator.ActiveCfg = Release|Any CPU
		{858F2B59-A97E-40D5-92E9-6B1485A9BE67}.Release|iPhoneSimulator.Build.0 = Release|Any CPU
	EndGlobalSection
	GlobalSection(SolutionProperties) = preSolution
		HideSolutionNode = FALSE
	EndGlobalSection
	GlobalSection(ExtensibilityGlobals) = postSolution
		RESX_PrefixTranslations = False
		RESX_ConfirmAddLanguageFile = True
		RESX_AutoCreateNewLanguageFiles = True
		SolutionGuid = {C4F71B2F-DFFA-46E3-ACEF-692A90FC923D}
		RESX_NeutralResourcesLanguage = es-CO
	EndGlobalSection
EndGlobal
